
Microsoft Visual Studio Solution File, Format Version 12.00
# Visual Studio Version 16
VisualStudioVersion = 16.0.31129.286
MinimumVisualStudioVersion = 10.0.40219.1
Project("{FAE04EC0-301F-11D3-BF4B-00C04F79EFBC}") = "FnfModLoader", "FnfModLoader\FnfModLoader.csproj", "{7C4974F3-ED12-4C92-9126-894C2860DB3D}"
EndProject
Global
	GlobalSection(SolutionConfigurationPlatforms) = preSolution
		Debug|Any CPU = Debug|Any CPU
		Release|Any CPU = Release|Any CPU
	EndGlobalSection
	GlobalSection(ProjectConfigurationPlatforms) = postSolution
		{7C4974F3-ED12-4C92-9126-894C2860DB3D}.Debug|Any CPU.ActiveCfg = Debug|Any CPU
		{7C4974F3-ED12-4C92-9126-894C2860DB3D}.Debug|Any CPU.Build.0 = Debug|Any CPU
		{7C4974F3-ED12-4C92-9126-894C2860DB3D}.Release|Any CPU.ActiveCfg = Release|Any CPU
		{7C4974F3-ED12-4C92-9126-894C2860DB3D}.Release|Any CPU.Build.0 = Release|Any CPU
	EndGlobalSection
	GlobalSection(SolutionProperties) = preSolution
		HideSolutionNode = FALSE
	EndGlobalSection
	GlobalSection(ExtensibilityGlobals) = postSolution
		SolutionGuid = {A5FA0E57-C21E-4786-89C1-3C96293F9F7F}
	EndGlobalSection
EndGlobal
